
Microsoft Visual Studio Solution File, Format Version 12.00
# Visual Studio Version 16
VisualStudioVersion = 25.0.1705.4
MinimumVisualStudioVersion = 10.0.40219.1
Project("{FAE04EC0-301F-11D3-BF4B-00C04F79EFBC}") = "WoorkingGood.Tool.Server", "WoorkingGood.Tool\Server\WoorkingGood.Tool.Server.csproj", "{B9D2EF53-1890-456A-A410-565C55B31F16}"
EndProject
Project("{FAE04EC0-301F-11D3-BF4B-00C04F79EFBC}") = "WoorkingGood.Tool.Client", "WoorkingGood.Tool\Client\WoorkingGood.Tool.Client.csproj", "{63217D5F-6412-4B42-98D0-44B5A09ECABD}"
EndProject
Project("{FAE04EC0-301F-11D3-BF4B-00C04F79EFBC}") = "WoorkingGood.Tool.Shared", "WoorkingGood.Tool\Shared\WoorkingGood.Tool.Shared.csproj", "{335E290B-A2D7-49C0-8BFF-5D7B8E4667C8}"
EndProject
Global
	GlobalSection(SolutionConfigurationPlatforms) = preSolution
		Debug|Any CPU = Debug|Any CPU
		Release|Any CPU = Release|Any CPU
	EndGlobalSection
	GlobalSection(ProjectConfigurationPlatforms) = postSolution
		{B9D2EF53-1890-456A-A410-565C55B31F16}.Debug|Any CPU.ActiveCfg = Debug|Any CPU
		{B9D2EF53-1890-456A-A410-565C55B31F16}.Debug|Any CPU.Build.0 = Debug|Any CPU
		{B9D2EF53-1890-456A-A410-565C55B31F16}.Release|Any CPU.ActiveCfg = Release|Any CPU
		{B9D2EF53-1890-456A-A410-565C55B31F16}.Release|Any CPU.Build.0 = Release|Any CPU
		{63217D5F-6412-4B42-98D0-44B5A09ECABD}.Debug|Any CPU.ActiveCfg = Debug|Any CPU
		{63217D5F-6412-4B42-98D0-44B5A09ECABD}.Debug|Any CPU.Build.0 = Debug|Any CPU
		{63217D5F-6412-4B42-98D0-44B5A09ECABD}.Release|Any CPU.ActiveCfg = Release|Any CPU
		{63217D5F-6412-4B42-98D0-44B5A09ECABD}.Release|Any CPU.Build.0 = Release|Any CPU
		{335E290B-A2D7-49C0-8BFF-5D7B8E4667C8}.Debug|Any CPU.ActiveCfg = Debug|Any CPU
		{335E290B-A2D7-49C0-8BFF-5D7B8E4667C8}.Debug|Any CPU.Build.0 = Debug|Any CPU
		{335E290B-A2D7-49C0-8BFF-5D7B8E4667C8}.Release|Any CPU.ActiveCfg = Release|Any CPU
		{335E290B-A2D7-49C0-8BFF-5D7B8E4667C8}.Release|Any CPU.Build.0 = Release|Any CPU
	EndGlobalSection
	GlobalSection(SolutionProperties) = preSolution
		HideSolutionNode = FALSE
	EndGlobalSection
	GlobalSection(ExtensibilityGlobals) = postSolution
		SolutionGuid = {CEBA1BFF-865A-4239-936C-97B72522100C}
	EndGlobalSection
EndGlobal
